{
  "name": "05-proyecto",
  "version": "1.0.0",
  "lockfileVersion": 1,
  "requires": true,
  "dependencies": {
    "libreria-2019b": {
      "version": "1.0.0",
      "resolved": "https://registry.npmjs.org/libreria-2019b/-/libreria-2019b-1.0.0.tgz",
      "integrity": "sha512-oxnTfzALZ2U33koFOVieI6jJbrYtIUVpOc3OswdSXxTUYFmuf9F9csCHI5IYTBhgc0gkqfdne/VZsawzfscL5A=="
    }
  }
}
